
Microsoft Visual Studio Solution File, Format Version 12.00
# Visual Studio 15
VisualStudioVersion = 15.0.27703.2026
MinimumVisualStudioVersion = 10.0.40219.1
Project("{FAE04EC0-301F-11D3-BF4B-00C04F79EFBC}") = "Cross.StockInfo.Android", "Cross.StockInfo\Cross.StockInfo.Android\Cross.StockInfo.Android.csproj", "{35244F9E-DFFA-458A-BE4A-B4177E2C254B}"
EndProject
Project("{FAE04EC0-301F-11D3-BF4B-00C04F79EFBC}") = "Cross.StockInfo.iOS", "Cross.StockInfo\Cross.StockInfo.iOS\Cross.StockInfo.iOS.csproj", "{4B7DE14D-14F1-44D5-99AF-8D342D5EB94F}"
EndProject
Project("{FAE04EC0-301F-11D3-BF4B-00C04F79EFBC}") = "Cross.StockInfo.UWP", "Cross.StockInfo\Cross.StockInfo.UWP\Cross.StockInfo.UWP.csproj", "{82103758-5438-4AD3-AB83-FCC6F53FD6C9}"
EndProject
Project("{9A19103F-16F7-4668-BE54-9A1E7A4F7556}") = "Cross.StockInfo", "Cross.StockInfo\Cross.StockInfo\Cross.StockInfo.csproj", "{01942FDE-C18A-49D4-88E9-09B01793F2D5}"
EndProject
Project("{2150E333-8FDC-42A3-9474-1A3956D46DE8}") = "App", "App", "{3E3F5042-BB03-4A54-91AC-14B2F439C209}"
EndProject
Project("{9A19103F-16F7-4668-BE54-9A1E7A4F7556}") = "Core.Library", "Core.Library\Core.Library.csproj", "{A6AC6A2A-269E-4D78-A1E4-1F43BDF1003D}"
EndProject
Project("{FAE04EC0-301F-11D3-BF4B-00C04F79EFBC}") = "Cross.StockInfo.Test", "Cross.StockInfo.Test\Cross.StockInfo.Test.csproj", "{A0E7C33D-0060-4B8E-ADB1-3E19FD44F689}"
EndProject
Global
	GlobalSection(SolutionConfigurationPlatforms) = preSolution
		Ad-Hoc|Any CPU = Ad-Hoc|Any CPU
		Ad-Hoc|ARM = Ad-Hoc|ARM
		Ad-Hoc|iPhone = Ad-Hoc|iPhone
		Ad-Hoc|iPhoneSimulator = Ad-Hoc|iPhoneSimulator
		Ad-Hoc|x64 = Ad-Hoc|x64
		Ad-Hoc|x86 = Ad-Hoc|x86
		AppStore|Any CPU = AppStore|Any CPU
		AppStore|ARM = AppStore|ARM
		AppStore|iPhone = AppStore|iPhone
		AppStore|iPhoneSimulator = AppStore|iPhoneSimulator
		AppStore|x64 = AppStore|x64
		AppStore|x86 = AppStore|x86
		Debug|Any CPU = Debug|Any CPU
		Debug|ARM = Debug|ARM
		Debug|iPhone = Debug|iPhone
		Debug|iPhoneSimulator = Debug|iPhoneSimulator
		Debug|x64 = Debug|x64
		Debug|x86 = Debug|x86
		Release|Any CPU = Release|Any CPU
		Release|ARM = Release|ARM
		Release|iPhone = Release|iPhone
		Release|iPhoneSimulator = Release|iPhoneSimulator
		Release|x64 = Release|x64
		Release|x86 = Release|x86
	EndGlobalSection
	GlobalSection(ProjectConfigurationPlatforms) = postSolution
		{35244F9E-DFFA-458A-BE4A-B4177E2C254B}.Ad-Hoc|Any CPU.ActiveCfg = Release|Any CPU
		{35244F9E-DFFA-458A-BE4A-B4177E2C254B}.Ad-Hoc|Any CPU.Build.0 = Release|Any CPU
		{35244F9E-DFFA-458A-BE4A-B4177E2C254B}.Ad-Hoc|Any CPU.Deploy.0 = Release|Any CPU
		{35244F9E-DFFA-458A-BE4A-B4177E2C254B}.Ad-Hoc|ARM.ActiveCfg = Release|Any CPU
		{35244F9E-DFFA-458A-BE4A-B4177E2C254B}.Ad-Hoc|ARM.Build.0 = Release|Any CPU
		{35244F9E-DFFA-458A-BE4A-B4177E2C254B}.Ad-Hoc|ARM.Deploy.0 = Release|Any CPU
		{35244F9E-DFFA-458A-BE4A-B4177E2C254B}.Ad-Hoc|iPhone.ActiveCfg = Release|Any CPU
		{35244F9E-DFFA-458A-BE4A-B4177E2C254B}.Ad-Hoc|iPhone.Build.0 = Release|Any CPU
		{35244F9E-DFFA-458A-BE4A-B4177E2C254B}.Ad-Hoc|iPhone.Deploy.0 = Release|Any CPU
		{35244F9E-DFFA-458A-BE4A-B4177E2C254B}.Ad-Hoc|iPhoneSimulator.ActiveCfg = Release|Any CPU
		{35244F9E-DFFA-458A-BE4A-B4177E2C254B}.Ad-Hoc|iPhoneSimulator.Build.0 = Release|Any CPU
		{35244F9E-DFFA-458A-BE4A-B4177E2C254B}.Ad-Hoc|iPhoneSimulator.Deploy.0 = Release|Any CPU
		{35244F9E-DFFA-458A-BE4A-B4177E2C254B}.Ad-Hoc|x64.ActiveCfg = Release|Any CPU
		{35244F9E-DFFA-458A-BE4A-B4177E2C254B}.Ad-Hoc|x64.Build.0 = Release|Any CPU
		{35244F9E-DFFA-458A-BE4A-B4177E2C254B}.Ad-Hoc|x64.Deploy.0 = Release|Any CPU
		{35244F9E-DFFA-458A-BE4A-B4177E2C254B}.Ad-Hoc|x86.ActiveCfg = Release|Any CPU
		{35244F9E-DFFA-458A-BE4A-B4177E2C254B}.Ad-Hoc|x86.Build.0 = Release|Any CPU
		{35244F9E-DFFA-458A-BE4A-B4177E2C254B}.Ad-Hoc|x86.Deploy.0 = Release|Any CPU
		{35244F9E-DFFA-458A-BE4A-B4177E2C254B}.AppStore|Any CPU.ActiveCfg = Release|Any CPU
		{35244F9E-DFFA-458A-BE4A-B4177E2C254B}.AppStore|Any CPU.Build.0 = Release|Any CPU
		{35244F9E-DFFA-458A-BE4A-B4177E2C254B}.AppStore|Any CPU.Deploy.0 = Release|Any CPU
		{35244F9E-DFFA-458A-BE4A-B4177E2C254B}.AppStore|ARM.ActiveCfg = Release|Any CPU
		{35244F9E-DFFA-458A-BE4A-B4177E2C254B}.AppStore|ARM.Build.0 = Release|Any CPU
		{35244F9E-DFFA-458A-BE4A-B4177E2C254B}.AppStore|ARM.Deploy.0 = Release|Any CPU
		{35244F9E-DFFA-458A-BE4A-B4177E2C254B}.AppStore|iPhone.ActiveCfg = Release|Any CPU
		{35244F9E-DFFA-458A-BE4A-B4177E2C254B}.AppStore|iPhone.Build.0 = Release|Any CPU
		{35244F9E-DFFA-458A-BE4A-B4177E2C254B}.AppStore|iPhone.Deploy.0 = Release|Any CPU
		{35244F9E-DFFA-458A-BE4A-B4177E2C254B}.AppStore|iPhoneSimulator.ActiveCfg = Release|Any CPU
		{35244F9E-DFFA-458A-BE4A-B4177E2C254B}.AppStore|iPhoneSimulator.Build.0 = Release|Any CPU
		{35244F9E-DFFA-458A-BE4A-B4177E2C254B}.AppStore|iPhoneSimulator.Deploy.0 = Release|Any CPU
		{35244F9E-DFFA-458A-BE4A-B4177E2C254B}.AppStore|x64.ActiveCfg = Release|Any CPU
		{35244F9E-DFFA-458A-BE4A-B4177E2C254B}.AppStore|x64.Build.0 = Release|Any CPU
		{35244F9E-DFFA-458A-BE4A-B4177E2C254B}.AppStore|x64.Deploy.0 = Release|Any CPU
		{35244F9E-DFFA-458A-BE4A-B4177E2C254B}.AppStore|x86.ActiveCfg = Release|Any CPU
		{35244F9E-DFFA-458A-BE4A-B4177E2C254B}.AppStore|x86.Build.0 = Release|Any CPU
		{35244F9E-DFFA-458A-BE4A-B4177E2C254B}.AppStore|x86.Deploy.0 = Release|Any CPU
		{35244F9E-DFFA-458A-BE4A-B4177E2C254B}.Debug|Any CPU.ActiveCfg = Debug|Any CPU
		{35244F9E-DFFA-458A-BE4A-B4177E2C254B}.Debug|Any CPU.Build.0 = Debug|Any CPU
		{35244F9E-DFFA-458A-BE4A-B4177E2C254B}.Debug|Any CPU.Deploy.0 = Debug|Any CPU
		{35244F9E-DFFA-458A-BE4A-B4177E2C254B}.Debug|ARM.ActiveCfg = Debug|Any CPU
		{35244F9E-DFFA-458A-BE4A-B4177E2C254B}.Debug|ARM.Build.0 = Debug|Any CPU
		{35244F9E-DFFA-458A-BE4A-B4177E2C254B}.Debug|ARM.Deploy.0 = Debug|Any CPU
		{35244F9E-DFFA-458A-BE4A-B4177E2C254B}.Debug|iPhone.ActiveCfg = Debug|Any CPU
		{35244F9E-DFFA-458A-BE4A-B4177E2C254B}.Debug|iPhone.Build.0 = Debug|Any CPU
		{35244F9E-DFFA-458A-BE4A-B4177E2C254B}.Debug|iPhone.Deploy.0 = Debug|Any CPU
		{35244F9E-DFFA-458A-BE4A-B4177E2C254B}.Debug|iPhoneSimulator.ActiveCfg = Debug|Any CPU
		{35244F9E-DFFA-458A-BE4A-B4177E2C254B}.Debug|iPhoneSimulator.Build.0 = Debug|Any CPU
		{35244F9E-DFFA-458A-BE4A-B4177E2C254B}.Debug|iPhoneSimulator.Deploy.0 = Debug|Any CPU
		{35244F9E-DFFA-458A-BE4A-B4177E2C254B}.Debug|x64.ActiveCfg = Debug|Any CPU
		{35244F9E-DFFA-458A-BE4A-B4177E2C254B}.Debug|x64.Build.0 = Debug|Any CPU
		{35244F9E-DFFA-458A-BE4A-B4177E2C254B}.Debug|x64.Deploy.0 = Debug|Any CPU
		{35244F9E-DFFA-458A-BE4A-B4177E2C254B}.Debug|x86.ActiveCfg = Debug|Any CPU
		{35244F9E-DFFA-458A-BE4A-B4177E2C254B}.Debug|x86.Build.0 = Debug|Any CPU
		{35244F9E-DFFA-458A-BE4A-B4177E2C254B}.Debug|x86.Deploy.0 = Debug|Any CPU
		{35244F9E-DFFA-458A-BE4A-B4177E2C254B}.Release|Any CPU.ActiveCfg = Release|Any CPU
		{35244F9E-DFFA-458A-BE4A-B4177E2C254B}.Release|Any CPU.Build.0 = Release|Any CPU
		{35244F9E-DFFA-458A-BE4A-B4177E2C254B}.Release|Any CPU.Deploy.0 = Release|Any CPU
		{35244F9E-DFFA-458A-BE4A-B4177E2C254B}.Release|ARM.ActiveCfg = Release|Any CPU
		{35244F9E-DFFA-458A-BE4A-B4177E2C254B}.Release|ARM.Build.0 = Release|Any CPU
		{35244F9E-DFFA-458A-BE4A-B4177E2C254B}.Release|ARM.Deploy.0 = Release|Any CPU
		{35244F9E-DFFA-458A-BE4A-B4177E2C254B}.Release|iPhone.ActiveCfg = Release|Any CPU
		{35244F9E-DFFA-458A-BE4A-B4177E2C254B}.Release|iPhone.Build.0 = Release|Any CPU
		{35244F9E-DFFA-458A-BE4A-B4177E2C254B}.Release|iPhone.Deploy.0 = Release|Any CPU
		{35244F9E-DFFA-458A-BE4A-B4177E2C254B}.Release|iPhoneSimulator.ActiveCfg = Release|Any CPU
		{35244F9E-DFFA-458A-BE4A-B4177E2C254B}.Release|iPhoneSimulator.Build.0 = Release|Any CPU
		{35244F9E-DFFA-458A-BE4A-B4177E2C254B}.Release|iPhoneSimulator.Deploy.0 = Release|Any CPU
		{35244F9E-DFFA-458A-BE4A-B4177E2C254B}.Release|x64.ActiveCfg = Release|Any CPU
		{35244F9E-DFFA-458A-BE4A-B4177E2C254B}.Release|x64.Build.0 = Release|Any CPU
		{35244F9E-DFFA-458A-BE4A-B4177E2C254B}.Release|x64.Deploy.0 = Release|Any CPU
		{35244F9E-DFFA-458A-BE4A-B4177E2C254B}.Release|x86.ActiveCfg = Release|Any CPU
		{35244F9E-DFFA-458A-BE4A-B4177E2C254B}.Release|x86.Build.0 = Release|Any CPU
		{35244F9E-DFFA-458A-BE4A-B4177E2C254B}.Release|x86.Deploy.0 = Release|Any CPU
		{4B7DE14D-14F1-44D5-99AF-8D342D5EB94F}.Ad-Hoc|Any CPU.ActiveCfg = Ad-Hoc|iPhone
		{4B7DE14D-14F1-44D5-99AF-8D342D5EB94F}.Ad-Hoc|Any CPU.Build.0 = Ad-Hoc|iPhone
		{4B7DE14D-14F1-44D5-99AF-8D342D5EB94F}.Ad-Hoc|Any CPU.Deploy.0 = Ad-Hoc|iPhone
		{4B7DE14D-14F1-44D5-99AF-8D342D5EB94F}.Ad-Hoc|ARM.ActiveCfg = Ad-Hoc|iPhone
		{4B7DE14D-14F1-44D5-99AF-8D342D5EB94F}.Ad-Hoc|ARM.Build.0 = Ad-Hoc|iPhone
		{4B7DE14D-14F1-44D5-99AF-8D342D5EB94F}.Ad-Hoc|ARM.Deploy.0 = Ad-Hoc|iPhone
		{4B7DE14D-14F1-44D5-99AF-8D342D5EB94F}.Ad-Hoc|iPhone.ActiveCfg = Ad-Hoc|iPhone
		{4B7DE14D-14F1-44D5-99AF-8D342D5EB94F}.Ad-Hoc|iPhone.Build.0 = Ad-Hoc|iPhone
		{4B7DE14D-14F1-44D5-99AF-8D342D5EB94F}.Ad-Hoc|iPhone.Deploy.0 = Ad-Hoc|iPhone
		{4B7DE14D-14F1-44D5-99AF-8D342D5EB94F}.Ad-Hoc|iPhoneSimulator.ActiveCfg = Ad-Hoc|iPhoneSimulator
		{4B7DE14D-14F1-44D5-99AF-8D342D5EB94F}.Ad-Hoc|iPhoneSimulator.Build.0 = Ad-Hoc|iPhoneSimulator
		{4B7DE14D-14F1-44D5-99AF-8D342D5EB94F}.Ad-Hoc|iPhoneSimulator.Deploy.0 = Ad-Hoc|iPhoneSimulator
		{4B7DE14D-14F1-44D5-99AF-8D342D5EB94F}.Ad-Hoc|x64.ActiveCfg = Ad-Hoc|iPhone
		{4B7DE14D-14F1-44D5-99AF-8D342D5EB94F}.Ad-Hoc|x64.Build.0 = Ad-Hoc|iPhone
		{4B7DE14D-14F1-44D5-99AF-8D342D5EB94F}.Ad-Hoc|x64.Deploy.0 = Ad-Hoc|iPhone
		{4B7DE14D-14F1-44D5-99AF-8D342D5EB94F}.Ad-Hoc|x86.ActiveCfg = Ad-Hoc|iPhone
		{4B7DE14D-14F1-44D5-99AF-8D342D5EB94F}.Ad-Hoc|x86.Build.0 = Ad-Hoc|iPhone
		{4B7DE14D-14F1-44D5-99AF-8D342D5EB94F}.Ad-Hoc|x86.Deploy.0 = Ad-Hoc|iPhone
		{4B7DE14D-14F1-44D5-99AF-8D342D5EB94F}.AppStore|Any CPU.ActiveCfg = AppStore|iPhone
		{4B7DE14D-14F1-44D5-99AF-8D342D5EB94F}.AppStore|Any CPU.Build.0 = AppStore|iPhone
		{4B7DE14D-14F1-44D5-99AF-8D342D5EB94F}.AppStore|Any CPU.Deploy.0 = AppStore|iPhone
		{4B7DE14D-14F1-44D5-99AF-8D342D5EB94F}.AppStore|ARM.ActiveCfg = AppStore|iPhone
		{4B7DE14D-14F1-44D5-99AF-8D342D5EB94F}.AppStore|ARM.Build.0 = AppStore|iPhone
		{4B7DE14D-14F1-44D5-99AF-8D342D5EB94F}.AppStore|ARM.Deploy.0 = AppStore|iPhone
		{4B7DE14D-14F1-44D5-99AF-8D342D5EB94F}.AppStore|iPhone.ActiveCfg = AppStore|iPhone
		{4B7DE14D-14F1-44D5-99AF-8D342D5EB94F}.AppStore|iPhone.Build.0 = AppStore|iPhone
		{4B7DE14D-14F1-44D5-99AF-8D342D5EB94F}.AppStore|iPhone.Deploy.0 = AppStore|iPhone
		{4B7DE14D-14F1-44D5-99AF-8D342D5EB94F}.AppStore|iPhoneSimulator.ActiveCfg = AppStore|iPhoneSimulator
		{4B7DE14D-14F1-44D5-99AF-8D342D5EB94F}.AppStore|iPhoneSimulator.Build.0 = AppStore|iPhoneSimulator
		{4B7DE14D-14F1-44D5-99AF-8D342D5EB94F}.AppStore|iPhoneSimulator.Deploy.0 = AppStore|iPhoneSimulator
		{4B7DE14D-14F1-44D5-99AF-8D342D5EB94F}.AppStore|x64.ActiveCfg = AppStore|iPhone
		{4B7DE14D-14F1-44D5-99AF-8D342D5EB94F}.AppStore|x64.Build.0 = AppStore|iPhone
		{4B7DE14D-14F1-44D5-99AF-8D342D5EB94F}.AppStore|x64.Deploy.0 = AppStore|iPhone
		{4B7DE14D-14F1-44D5-99AF-8D342D5EB94F}.AppStore|x86.ActiveCfg = AppStore|iPhone
		{4B7DE14D-14F1-44D5-99AF-8D342D5EB94F}.AppStore|x86.Build.0 = AppStore|iPhone
		{4B7DE14D-14F1-44D5-99AF-8D342D5EB94F}.AppStore|x86.Deploy.0 = AppStore|iPhone
		{4B7DE14D-14F1-44D5-99AF-8D342D5EB94F}.Debug|Any CPU.ActiveCfg = Debug|iPhoneSimulator
		{4B7DE14D-14F1-44D5-99AF-8D342D5EB94F}.Debug|Any CPU.Build.0 = Debug|iPhoneSimulator
		{4B7DE14D-14F1-44D5-99AF-8D342D5EB94F}.Debug|Any CPU.Deploy.0 = Debug|iPhoneSimulator
		{4B7DE14D-14F1-44D5-99AF-8D342D5EB94F}.Debug|ARM.ActiveCfg = Debug|iPhone
		{4B7DE14D-14F1-44D5-99AF-8D342D5EB94F}.Debug|ARM.Build.0 = Debug|iPhone
		{4B7DE14D-14F1-44D5-99AF-8D342D5EB94F}.Debug|ARM.Deploy.0 = Debug|iPhone
		{4B7DE14D-14F1-44D5-99AF-8D342D5EB94F}.Debug|iPhone.ActiveCfg = Debug|iPhone
		{4B7DE14D-14F1-44D5-99AF-8D342D5EB94F}.Debug|iPhone.Build.0 = Debug|iPhone
		{4B7DE14D-14F1-44D5-99AF-8D342D5EB94F}.Debug|iPhone.Deploy.0 = Debug|iPhone
		{4B7DE14D-14F1-44D5-99AF-8D342D5EB94F}.Debug|iPhoneSimulator.ActiveCfg = Debug|iPhoneSimulator
		{4B7DE14D-14F1-44D5-99AF-8D342D5EB94F}.Debug|iPhoneSimulator.Build.0 = Debug|iPhoneSimulator
		{4B7DE14D-14F1-44D5-99AF-8D342D5EB94F}.Debug|iPhoneSimulator.Deploy.0 = Debug|iPhoneSimulator
		{4B7DE14D-14F1-44D5-99AF-8D342D5EB94F}.Debug|x64.ActiveCfg = Debug|iPhone
		{4B7DE14D-14F1-44D5-99AF-8D342D5EB94F}.Debug|x64.Build.0 = Debug|iPhone
		{4B7DE14D-14F1-44D5-99AF-8D342D5EB94F}.Debug|x64.Deploy.0 = Debug|iPhone
		{4B7DE14D-14F1-44D5-99AF-8D342D5EB94F}.Debug|x86.ActiveCfg = Debug|iPhone
		{4B7DE14D-14F1-44D5-99AF-8D342D5EB94F}.Debug|x86.Build.0 = Debug|iPhone
		{4B7DE14D-14F1-44D5-99AF-8D342D5EB94F}.Debug|x86.Deploy.0 = Debug|iPhone
		{4B7DE14D-14F1-44D5-99AF-8D342D5EB94F}.Release|Any CPU.ActiveCfg = Release|iPhone
		{4B7DE14D-14F1-44D5-99AF-8D342D5EB94F}.Release|Any CPU.Build.0 = Release|iPhone
		{4B7DE14D-14F1-44D5-99AF-8D342D5EB94F}.Release|Any CPU.Deploy.0 = Release|iPhone
		{4B7DE14D-14F1-44D5-99AF-8D342D5EB94F}.Release|ARM.ActiveCfg = Release|iPhone
		{4B7DE14D-14F1-44D5-99AF-8D342D5EB94F}.Release|ARM.Build.0 = Release|iPhone
		{4B7DE14D-14F1-44D5-99AF-8D342D5EB94F}.Release|ARM.Deploy.0 = Release|iPhone
		{4B7DE14D-14F1-44D5-99AF-8D342D5EB94F}.Release|iPhone.ActiveCfg = Release|iPhone
		{4B7DE14D-14F1-44D5-99AF-8D342D5EB94F}.Release|iPhone.Build.0 = Release|iPhone
		{4B7DE14D-14F1-44D5-99AF-8D342D5EB94F}.Release|iPhone.Deploy.0 = Release|iPhone
		{4B7DE14D-14F1-44D5-99AF-8D342D5EB94F}.Release|iPhoneSimulator.ActiveCfg = Release|iPhoneSimulator
		{4B7DE14D-14F1-44D5-99AF-8D342D5EB94F}.Release|iPhoneSimulator.Build.0 = Release|iPhoneSimulator
		{4B7DE14D-14F1-44D5-99AF-8D342D5EB94F}.Release|iPhoneSimulator.Deploy.0 = Release|iPhoneSimulator
		{4B7DE14D-14F1-44D5-99AF-8D342D5EB94F}.Release|x64.ActiveCfg = Release|iPhone
		{4B7DE14D-14F1-44D5-99AF-8D342D5EB94F}.Release|x64.Build.0 = Release|iPhone
		{4B7DE14D-14F1-44D5-99AF-8D342D5EB94F}.Release|x64.Deploy.0 = Release|iPhone
		{4B7DE14D-14F1-44D5-99AF-8D342D5EB94F}.Release|x86.ActiveCfg = Release|iPhone
		{4B7DE14D-14F1-44D5-99AF-8D342D5EB94F}.Release|x86.Build.0 = Release|iPhone
		{4B7DE14D-14F1-44D5-99AF-8D342D5EB94F}.Release|x86.Deploy.0 = Release|iPhone
		{82103758-5438-4AD3-AB83-FCC6F53FD6C9}.Ad-Hoc|Any CPU.ActiveCfg = Release|x86
		{82103758-5438-4AD3-AB83-FCC6F53FD6C9}.Ad-Hoc|Any CPU.Build.0 = Release|x86
		{82103758-5438-4AD3-AB83-FCC6F53FD6C9}.Ad-Hoc|Any CPU.Deploy.0 = Release|x86
		{82103758-5438-4AD3-AB83-FCC6F53FD6C9}.Ad-Hoc|ARM.ActiveCfg = Release|ARM
		{82103758-5438-4AD3-AB83-FCC6F53FD6C9}.Ad-Hoc|ARM.Build.0 = Release|ARM
		{82103758-5438-4AD3-AB83-FCC6F53FD6C9}.Ad-Hoc|ARM.Deploy.0 = Release|ARM
		{82103758-5438-4AD3-AB83-FCC6F53FD6C9}.Ad-Hoc|iPhone.ActiveCfg = Release|x86
		{82103758-5438-4AD3-AB83-FCC6F53FD6C9}.Ad-Hoc|iPhone.Build.0 = Release|x86
		{82103758-5438-4AD3-AB83-FCC6F53FD6C9}.Ad-Hoc|iPhone.Deploy.0 = Release|x86
		{82103758-5438-4AD3-AB83-FCC6F53FD6C9}.Ad-Hoc|iPhoneSimulator.ActiveCfg = Release|x86
		{82103758-5438-4AD3-AB83-FCC6F53FD6C9}.Ad-Hoc|iPhoneSimulator.Build.0 = Release|x86
		{82103758-5438-4AD3-AB83-FCC6F53FD6C9}.Ad-Hoc|iPhoneSimulator.Deploy.0 = Release|x86
		{82103758-5438-4AD3-AB83-FCC6F53FD6C9}.Ad-Hoc|x64.ActiveCfg = Release|x64
		{82103758-5438-4AD3-AB83-FCC6F53FD6C9}.Ad-Hoc|x64.Build.0 = Release|x64
		{82103758-5438-4AD3-AB83-FCC6F53FD6C9}.Ad-Hoc|x64.Deploy.0 = Release|x64
		{82103758-5438-4AD3-AB83-FCC6F53FD6C9}.Ad-Hoc|x86.ActiveCfg = Release|x86
		{82103758-5438-4AD3-AB83-FCC6F53FD6C9}.Ad-Hoc|x86.Build.0 = Release|x86
		{82103758-5438-4AD3-AB83-FCC6F53FD6C9}.Ad-Hoc|x86.Deploy.0 = Release|x86
		{82103758-5438-4AD3-AB83-FCC6F53FD6C9}.AppStore|Any CPU.ActiveCfg = Release|x86
		{82103758-5438-4AD3-AB83-FCC6F53FD6C9}.AppStore|Any CPU.Build.0 = Release|x86
		{82103758-5438-4AD3-AB83-FCC6F53FD6C9}.AppStore|Any CPU.Deploy.0 = Release|x86
		{82103758-5438-4AD3-AB83-FCC6F53FD6C9}.AppStore|ARM.ActiveCfg = Release|ARM
		{82103758-5438-4AD3-AB83-FCC6F53FD6C9}.AppStore|ARM.Build.0 = Release|ARM
		{82103758-5438-4AD3-AB83-FCC6F53FD6C9}.AppStore|ARM.Deploy.0 = Release|ARM
		{82103758-5438-4AD3-AB83-FCC6F53FD6C9}.AppStore|iPhone.ActiveCfg = Release|x86
		{82103758-5438-4AD3-AB83-FCC6F53FD6C9}.AppStore|iPhone.Build.0 = Release|x86
		{82103758-5438-4AD3-AB83-FCC6F53FD6C9}.AppStore|iPhone.Deploy.0 = Release|x86
		{82103758-5438-4AD3-AB83-FCC6F53FD6C9}.AppStore|iPhoneSimulator.ActiveCfg = Release|x86
		{82103758-5438-4AD3-AB83-FCC6F53FD6C9}.AppStore|iPhoneSimulator.Build.0 = Release|x86
		{82103758-5438-4AD3-AB83-FCC6F53FD6C9}.AppStore|iPhoneSimulator.Deploy.0 = Release|x86
		{82103758-5438-4AD3-AB83-FCC6F53FD6C9}.AppStore|x64.ActiveCfg = Release|x64
		{82103758-5438-4AD3-AB83-FCC6F53FD6C9}.AppStore|x64.Build.0 = Release|x64
		{82103758-5438-4AD3-AB83-FCC6F53FD6C9}.AppStore|x64.Deploy.0 = Release|x64
		{82103758-5438-4AD3-AB83-FCC6F53FD6C9}.AppStore|x86.ActiveCfg = Release|x86
		{82103758-5438-4AD3-AB83-FCC6F53FD6C9}.AppStore|x86.Build.0 = Release|x86
		{82103758-5438-4AD3-AB83-FCC6F53FD6C9}.AppStore|x86.Deploy.0 = Release|x86
		{82103758-5438-4AD3-AB83-FCC6F53FD6C9}.Debug|Any CPU.ActiveCfg = Debug|x86
		{82103758-5438-4AD3-AB83-FCC6F53FD6C9}.Debug|Any CPU.Build.0 = Debug|x86
		{82103758-5438-4AD3-AB83-FCC6F53FD6C9}.Debug|Any CPU.Deploy.0 = Debug|x86
		{82103758-5438-4AD3-AB83-FCC6F53FD6C9}.Debug|ARM.ActiveCfg = Debug|ARM
		{82103758-5438-4AD3-AB83-FCC6F53FD6C9}.Debug|ARM.Build.0 = Debug|ARM
		{82103758-5438-4AD3-AB83-FCC6F53FD6C9}.Debug|ARM.Deploy.0 = Debug|ARM
		{82103758-5438-4AD3-AB83-FCC6F53FD6C9}.Debug|iPhone.ActiveCfg = Debug|x86
		{82103758-5438-4AD3-AB83-FCC6F53FD6C9}.Debug|iPhone.Build.0 = Debug|x86
		{82103758-5438-4AD3-AB83-FCC6F53FD6C9}.Debug|iPhone.Deploy.0 = Debug|x86
		{82103758-5438-4AD3-AB83-FCC6F53FD6C9}.Debug|iPhoneSimulator.ActiveCfg = Debug|x86
		{82103758-5438-4AD3-AB83-FCC6F53FD6C9}.Debug|iPhoneSimulator.Build.0 = Debug|x86
		{82103758-5438-4AD3-AB83-FCC6F53FD6C9}.Debug|iPhoneSimulator.Deploy.0 = Debug|x86
		{82103758-5438-4AD3-AB83-FCC6F53FD6C9}.Debug|x64.ActiveCfg = Debug|x64
		{82103758-5438-4AD3-AB83-FCC6F53FD6C9}.Debug|x64.Build.0 = Debug|x64
		{82103758-5438-4AD3-AB83-FCC6F53FD6C9}.Debug|x64.Deploy.0 = Debug|x64
		{82103758-5438-4AD3-AB83-FCC6F53FD6C9}.Debug|x86.ActiveCfg = Debug|x86
		{82103758-5438-4AD3-AB83-FCC6F53FD6C9}.Debug|x86.Build.0 = Debug|x86
		{82103758-5438-4AD3-AB83-FCC6F53FD6C9}.Debug|x86.Deploy.0 = Debug|x86
		{82103758-5438-4AD3-AB83-FCC6F53FD6C9}.Release|Any CPU.ActiveCfg = Release|x86
		{82103758-5438-4AD3-AB83-FCC6F53FD6C9}.Release|Any CPU.Build.0 = Release|x86
		{82103758-5438-4AD3-AB83-FCC6F53FD6C9}.Release|Any CPU.Deploy.0 = Release|x86
		{82103758-5438-4AD3-AB83-FCC6F53FD6C9}.Release|ARM.ActiveCfg = Release|ARM
		{82103758-5438-4AD3-AB83-FCC6F53FD6C9}.Release|ARM.Build.0 = Release|ARM
		{82103758-5438-4AD3-AB83-FCC6F53FD6C9}.Release|ARM.Deploy.0 = Release|ARM
		{82103758-5438-4AD3-AB83-FCC6F53FD6C9}.Release|iPhone.ActiveCfg = Release|x86
		{82103758-5438-4AD3-AB83-FCC6F53FD6C9}.Release|iPhone.Build.0 = Release|x86
		{82103758-5438-4AD3-AB83-FCC6F53FD6C9}.Release|iPhone.Deploy.0 = Release|x86
		{82103758-5438-4AD3-AB83-FCC6F53FD6C9}.Release|iPhoneSimulator.ActiveCfg = Release|x86
		{82103758-5438-4AD3-AB83-FCC6F53FD6C9}.Release|iPhoneSimulator.Build.0 = Release|x86
		{82103758-5438-4AD3-AB83-FCC6F53FD6C9}.Release|iPhoneSimulator.Deploy.0 = Release|x86
		{82103758-5438-4AD3-AB83-FCC6F53FD6C9}.Release|x64.ActiveCfg = Release|x64
		{82103758-5438-4AD3-AB83-FCC6F53FD6C9}.Release|x64.Build.0 = Release|x64
		{82103758-5438-4AD3-AB83-FCC6F53FD6C9}.Release|x64.Deploy.0 = Release|x64
		{82103758-5438-4AD3-AB83-FCC6F53FD6C9}.Release|x86.ActiveCfg = Release|x86
		{82103758-5438-4AD3-AB83-FCC6F53FD6C9}.Release|x86.Build.0 = Release|x86
		{82103758-5438-4AD3-AB83-FCC6F53FD6C9}.Release|x86.Deploy.0 = Release|x86
		{01942FDE-C18A-49D4-88E9-09B01793F2D5}.Ad-Hoc|Any CPU.ActiveCfg = Debug|Any CPU
		{01942FDE-C18A-49D4-88E9-09B01793F2D5}.Ad-Hoc|Any CPU.Build.0 = Debug|Any CPU
		{01942FDE-C18A-49D4-88E9-09B01793F2D5}.Ad-Hoc|Any CPU.Deploy.0 = Debug|Any CPU
		{01942FDE-C18A-49D4-88E9-09B01793F2D5}.Ad-Hoc|ARM.ActiveCfg = Debug|Any CPU
		{01942FDE-C18A-49D4-88E9-09B01793F2D5}.Ad-Hoc|ARM.Build.0 = Debug|Any CPU
		{01942FDE-C18A-49D4-88E9-09B01793F2D5}.Ad-Hoc|ARM.Deploy.0 = Debug|Any CPU
		{01942FDE-C18A-49D4-88E9-09B01793F2D5}.Ad-Hoc|iPhone.ActiveCfg = Debug|Any CPU
		{01942FDE-C18A-49D4-88E9-09B01793F2D5}.Ad-Hoc|iPhone.Build.0 = Debug|Any CPU
		{01942FDE-C18A-49D4-88E9-09B01793F2D5}.Ad-Hoc|iPhone.Deploy.0 = Debug|Any CPU
		{01942FDE-C18A-49D4-88E9-09B01793F2D5}.Ad-Hoc|iPhoneSimulator.ActiveCfg = Debug|Any CPU
		{01942FDE-C18A-49D4-88E9-09B01793F2D5}.Ad-Hoc|iPhoneSimulator.Build.0 = Debug|Any CPU
		{01942FDE-C18A-49D4-88E9-09B01793F2D5}.Ad-Hoc|iPhoneSimulator.Deploy.0 = Debug|Any CPU
		{01942FDE-C18A-49D4-88E9-09B01793F2D5}.Ad-Hoc|x64.ActiveCfg = Debug|Any CPU
		{01942FDE-C18A-49D4-88E9-09B01793F2D5}.Ad-Hoc|x64.Build.0 = Debug|Any CPU
		{01942FDE-C18A-49D4-88E9-09B01793F2D5}.Ad-Hoc|x64.Deploy.0 = Debug|Any CPU
		{01942FDE-C18A-49D4-88E9-09B01793F2D5}.Ad-Hoc|x86.ActiveCfg = Debug|Any CPU
		{01942FDE-C18A-49D4-88E9-09B01793F2D5}.Ad-Hoc|x86.Build.0 = Debug|Any CPU
		{01942FDE-C18A-49D4-88E9-09B01793F2D5}.Ad-Hoc|x86.Deploy.0 = Debug|Any CPU
		{01942FDE-C18A-49D4-88E9-09B01793F2D5}.AppStore|Any CPU.ActiveCfg = Debug|Any CPU
		{01942FDE-C18A-49D4-88E9-09B01793F2D5}.AppStore|Any CPU.Build.0 = Debug|Any CPU
		{01942FDE-C18A-49D4-88E9-09B01793F2D5}.AppStore|Any CPU.Deploy.0 = Debug|Any CPU
		{01942FDE-C18A-49D4-88E9-09B01793F2D5}.AppStore|ARM.ActiveCfg = Debug|Any CPU
		{01942FDE-C18A-49D4-88E9-09B01793F2D5}.AppStore|ARM.Build.0 = Debug|Any CPU
		{01942FDE-C18A-49D4-88E9-09B01793F2D5}.AppStore|ARM.Deploy.0 = Debug|Any CPU
		{01942FDE-C18A-49D4-88E9-09B01793F2D5}.AppStore|iPhone.ActiveCfg = Debug|Any CPU
		{01942FDE-C18A-49D4-88E9-09B01793F2D5}.AppStore|iPhone.Build.0 = Debug|Any CPU
		{01942FDE-C18A-49D4-88E9-09B01793F2D5}.AppStore|iPhone.Deploy.0 = Debug|Any CPU
		{01942FDE-C18A-49D4-88E9-09B01793F2D5}.AppStore|iPhoneSimulator.ActiveCfg = Debug|Any CPU
		{01942FDE-C18A-49D4-88E9-09B01793F2D5}.AppStore|iPhoneSimulator.Build.0 = Debug|Any CPU
		{01942FDE-C18A-49D4-88E9-09B01793F2D5}.AppStore|iPhoneSimulator.Deploy.0 = Debug|Any CPU
		{01942FDE-C18A-49D4-88E9-09B01793F2D5}.AppStore|x64.ActiveCfg = Debug|Any CPU
		{01942FDE-C18A-49D4-88E9-09B01793F2D5}.AppStore|x64.Build.0 = Debug|Any CPU
		{01942FDE-C18A-49D4-88E9-09B01793F2D5}.AppStore|x64.Deploy.0 = Debug|Any CPU
		{01942FDE-C18A-49D4-88E9-09B01793F2D5}.AppStore|x86.ActiveCfg = Debug|Any CPU
		{01942FDE-C18A-49D4-88E9-09B01793F2D5}.AppStore|x86.Build.0 = Debug|Any CPU
		{01942FDE-C18A-49D4-88E9-09B01793F2D5}.AppStore|x86.Deploy.0 = Debug|Any CPU
		{01942FDE-C18A-49D4-88E9-09B01793F2D5}.Debug|Any CPU.ActiveCfg = Debug|Any CPU
		{01942FDE-C18A-49D4-88E9-09B01793F2D5}.Debug|Any CPU.Build.0 = Debug|Any CPU
		{01942FDE-C18A-49D4-88E9-09B01793F2D5}.Debug|Any CPU.Deploy.0 = Debug|Any CPU
		{01942FDE-C18A-49D4-88E9-09B01793F2D5}.Debug|ARM.ActiveCfg = Debug|Any CPU
		{01942FDE-C18A-49D4-88E9-09B01793F2D5}.Debug|ARM.Build.0 = Debug|Any CPU
		{01942FDE-C18A-49D4-88E9-09B01793F2D5}.Debug|ARM.Deploy.0 = Debug|Any CPU
		{01942FDE-C18A-49D4-88E9-09B01793F2D5}.Debug|iPhone.ActiveCfg = Debug|Any CPU
		{01942FDE-C18A-49D4-88E9-09B01793F2D5}.Debug|iPhone.Build.0 = Debug|Any CPU
		{01942FDE-C18A-49D4-88E9-09B01793F2D5}.Debug|iPhone.Deploy.0 = Debug|Any CPU
		{01942FDE-C18A-49D4-88E9-09B01793F2D5}.Debug|iPhoneSimulator.ActiveCfg = Debug|Any CPU
		{01942FDE-C18A-49D4-88E9-09B01793F2D5}.Debug|iPhoneSimulator.Build.0 = Debug|Any CPU
		{01942FDE-C18A-49D4-88E9-09B01793F2D5}.Debug|iPhoneSimulator.Deploy.0 = Debug|Any CPU
		{01942FDE-C18A-49D4-88E9-09B01793F2D5}.Debug|x64.ActiveCfg = Debug|Any CPU
		{01942FDE-C18A-49D4-88E9-09B01793F2D5}.Debug|x64.Build.0 = Debug|Any CPU
		{01942FDE-C18A-49D4-88E9-09B01793F2D5}.Debug|x64.Deploy.0 = Debug|Any CPU
		{01942FDE-C18A-49D4-88E9-09B01793F2D5}.Debug|x86.ActiveCfg = Debug|Any CPU
		{01942FDE-C18A-49D4-88E9-09B01793F2D5}.Debug|x86.Build.0 = Debug|Any CPU
		{01942FDE-C18A-49D4-88E9-09B01793F2D5}.Debug|x86.Deploy.0 = Debug|Any CPU
		{01942FDE-C18A-49D4-88E9-09B01793F2D5}.Release|Any CPU.ActiveCfg = Release|Any CPU
		{01942FDE-C18A-49D4-88E9-09B01793F2D5}.Release|Any CPU.Build.0 = Release|Any CPU
		{01942FDE-C18A-49D4-88E9-09B01793F2D5}.Release|Any CPU.Deploy.0 = Release|Any CPU
		{01942FDE-C18A-49D4-88E9-09B01793F2D5}.Release|ARM.ActiveCfg = Release|Any CPU
		{01942FDE-C18A-49D4-88E9-09B01793F2D5}.Release|ARM.Build.0 = Release|Any CPU
		{01942FDE-C18A-49D4-88E9-09B01793F2D5}.Release|ARM.Deploy.0 = Release|Any CPU
		{01942FDE-C18A-49D4-88E9-09B01793F2D5}.Release|iPhone.ActiveCfg = Release|Any CPU
		{01942FDE-C18A-49D4-88E9-09B01793F2D5}.Release|iPhone.Build.0 = Release|Any CPU
		{01942FDE-C18A-49D4-88E9-09B01793F2D5}.Release|iPhone.Deploy.0 = Release|Any CPU
		{01942FDE-C18A-49D4-88E9-09B01793F2D5}.Release|iPhoneSimulator.ActiveCfg = Release|Any CPU
		{01942FDE-C18A-49D4-88E9-09B01793F2D5}.Release|iPhoneSimulator.Build.0 = Release|Any CPU
		{01942FDE-C18A-49D4-88E9-09B01793F2D5}.Release|iPhoneSimulator.Deploy.0 = Release|Any CPU
		{01942FDE-C18A-49D4-88E9-09B01793F2D5}.Release|x64.ActiveCfg = Release|Any CPU
		{01942FDE-C18A-49D4-88E9-09B01793F2D5}.Release|x64.Build.0 = Release|Any CPU
		{01942FDE-C18A-49D4-88E9-09B01793F2D5}.Release|x64.Deploy.0 = Release|Any CPU
		{01942FDE-C18A-49D4-88E9-09B01793F2D5}.Release|x86.ActiveCfg = Release|Any CPU
		{01942FDE-C18A-49D4-88E9-09B01793F2D5}.Release|x86.Build.0 = Release|Any CPU
		{01942FDE-C18A-49D4-88E9-09B01793F2D5}.Release|x86.Deploy.0 = Release|Any CPU
		{A6AC6A2A-269E-4D78-A1E4-1F43BDF1003D}.Ad-Hoc|Any CPU.ActiveCfg = Debug|Any CPU
		{A6AC6A2A-269E-4D78-A1E4-1F43BDF1003D}.Ad-Hoc|Any CPU.Build.0 = Debug|Any CPU
		{A6AC6A2A-269E-4D78-A1E4-1F43BDF1003D}.Ad-Hoc|ARM.ActiveCfg = Debug|Any CPU
		{A6AC6A2A-269E-4D78-A1E4-1F43BDF1003D}.Ad-Hoc|ARM.Build.0 = Debug|Any CPU
		{A6AC6A2A-269E-4D78-A1E4-1F43BDF1003D}.Ad-Hoc|iPhone.ActiveCfg = Debug|Any CPU
		{A6AC6A2A-269E-4D78-A1E4-1F43BDF1003D}.Ad-Hoc|iPhone.Build.0 = Debug|Any CPU
		{A6AC6A2A-269E-4D78-A1E4-1F43BDF1003D}.Ad-Hoc|iPhoneSimulator.ActiveCfg = Debug|Any CPU
		{A6AC6A2A-269E-4D78-A1E4-1F43BDF1003D}.Ad-Hoc|iPhoneSimulator.Build.0 = Debug|Any CPU
		{A6AC6A2A-269E-4D78-A1E4-1F43BDF1003D}.Ad-Hoc|x64.ActiveCfg = Debug|Any CPU
		{A6AC6A2A-269E-4D78-A1E4-1F43BDF1003D}.Ad-Hoc|x64.Build.0 = Debug|Any CPU
		{A6AC6A2A-269E-4D78-A1E4-1F43BDF1003D}.Ad-Hoc|x86.ActiveCfg = Debug|Any CPU
		{A6AC6A2A-269E-4D78-A1E4-1F43BDF1003D}.Ad-Hoc|x86.Build.0 = Debug|Any CPU
		{A6AC6A2A-269E-4D78-A1E4-1F43BDF1003D}.AppStore|Any CPU.ActiveCfg = Debug|Any CPU
		{A6AC6A2A-269E-4D78-A1E4-1F43BDF1003D}.AppStore|Any CPU.Build.0 = Debug|Any CPU
		{A6AC6A2A-269E-4D78-A1E4-1F43BDF1003D}.AppStore|ARM.ActiveCfg = Debug|Any CPU
		{A6AC6A2A-269E-4D78-A1E4-1F43BDF1003D}.AppStore|ARM.Build.0 = Debug|Any CPU
		{A6AC6A2A-269E-4D78-A1E4-1F43BDF1003D}.AppStore|iPhone.ActiveCfg = Debug|Any CPU
		{A6AC6A2A-269E-4D78-A1E4-1F43BDF1003D}.AppStore|iPhone.Build.0 = Debug|Any CPU
		{A6AC6A2A-269E-4D78-A1E4-1F43BDF1003D}.AppStore|iPhoneSimulator.ActiveCfg = Debug|Any CPU
		{A6AC6A2A-269E-4D78-A1E4-1F43BDF1003D}.AppStore|iPhoneSimulator.Build.0 = Debug|Any CPU
		{A6AC6A2A-269E-4D78-A1E4-1F43BDF1003D}.AppStore|x64.ActiveCfg = Debug|Any CPU
		{A6AC6A2A-269E-4D78-A1E4-1F43BDF1003D}.AppStore|x64.Build.0 = Debug|Any CPU
		{A6AC6A2A-269E-4D78-A1E4-1F43BDF1003D}.AppStore|x86.ActiveCfg = Debug|Any CPU
		{A6AC6A2A-269E-4D78-A1E4-1F43BDF1003D}.AppStore|x86.Build.0 = Debug|Any CPU
		{A6AC6A2A-269E-4D78-A1E4-1F43BDF1003D}.Debug|Any CPU.ActiveCfg = Debug|Any CPU
		{A6AC6A2A-269E-4D78-A1E4-1F43BDF1003D}.Debug|Any CPU.Build.0 = Debug|Any CPU
		{A6AC6A2A-269E-4D78-A1E4-1F43BDF1003D}.Debug|ARM.ActiveCfg = Debug|Any CPU
		{A6AC6A2A-269E-4D78-A1E4-1F43BDF1003D}.Debug|ARM.Build.0 = Debug|Any CPU
		{A6AC6A2A-269E-4D78-A1E4-1F43BDF1003D}.Debug|iPhone.ActiveCfg = Debug|Any CPU
		{A6AC6A2A-269E-4D78-A1E4-1F43BDF1003D}.Debug|iPhone.Build.0 = Debug|Any CPU
		{A6AC6A2A-269E-4D78-A1E4-1F43BDF1003D}.Debug|iPhoneSimulator.ActiveCfg = Debug|Any CPU
		{A6AC6A2A-269E-4D78-A1E4-1F43BDF1003D}.Debug|iPhoneSimulator.Build.0 = Debug|Any CPU
		{A6AC6A2A-269E-4D78-A1E4-1F43BDF1003D}.Debug|x64.ActiveCfg = Debug|Any CPU
		{A6AC6A2A-269E-4D78-A1E4-1F43BDF1003D}.Debug|x64.Build.0 = Debug|Any CPU
		{A6AC6A2A-269E-4D78-A1E4-1F43BDF1003D}.Debug|x86.ActiveCfg = Debug|Any CPU
		{A6AC6A2A-269E-4D78-A1E4-1F43BDF1003D}.Debug|x86.Build.0 = Debug|Any CPU
		{A6AC6A2A-269E-4D78-A1E4-1F43BDF1003D}.Release|Any CPU.ActiveCfg = Release|Any CPU
		{A6AC6A2A-269E-4D78-A1E4-1F43BDF1003D}.Release|Any CPU.Build.0 = Release|Any CPU
		{A6AC6A2A-269E-4D78-A1E4-1F43BDF1003D}.Release|ARM.ActiveCfg = Release|Any CPU
		{A6AC6A2A-269E-4D78-A1E4-1F43BDF1003D}.Release|ARM.Build.0 = Release|Any CPU
		{A6AC6A2A-269E-4D78-A1E4-1F43BDF1003D}.Release|iPhone.ActiveCfg = Release|Any CPU
		{A6AC6A2A-269E-4D78-A1E4-1F43BDF1003D}.Release|iPhone.Build.0 = Release|Any CPU
		{A6AC6A2A-269E-4D78-A1E4-1F43BDF1003D}.Release|iPhoneSimulator.ActiveCfg = Release|Any CPU
		{A6AC6A2A-269E-4D78-A1E4-1F43BDF1003D}.Release|iPhoneSimulator.Build.0 = Release|Any CPU
		{A6AC6A2A-269E-4D78-A1E4-1F43BDF1003D}.Release|x64.ActiveCfg = Release|Any CPU
		{A6AC6A2A-269E-4D78-A1E4-1F43BDF1003D}.Release|x64.Build.0 = Release|Any CPU
		{A6AC6A2A-269E-4D78-A1E4-1F43BDF1003D}.Release|x86.ActiveCfg = Release|Any CPU
		{A6AC6A2A-269E-4D78-A1E4-1F43BDF1003D}.Release|x86.Build.0 = Release|Any CPU
		{A0E7C33D-0060-4B8E-ADB1-3E19FD44F689}.Ad-Hoc|Any CPU.ActiveCfg = Release|Any CPU
		{A0E7C33D-0060-4B8E-ADB1-3E19FD44F689}.Ad-Hoc|Any CPU.Build.0 = Release|Any CPU
		{A0E7C33D-0060-4B8E-ADB1-3E19FD44F689}.Ad-Hoc|ARM.ActiveCfg = Release|Any CPU
		{A0E7C33D-0060-4B8E-ADB1-3E19FD44F689}.Ad-Hoc|ARM.Build.0 = Release|Any CPU
		{A0E7C33D-0060-4B8E-ADB1-3E19FD44F689}.Ad-Hoc|iPhone.ActiveCfg = Release|Any CPU
		{A0E7C33D-0060-4B8E-ADB1-3E19FD44F689}.Ad-Hoc|iPhone.Build.0 = Release|Any CPU
		{A0E7C33D-0060-4B8E-ADB1-3E19FD44F689}.Ad-Hoc|iPhoneSimulator.ActiveCfg = Release|Any CPU
		{A0E7C33D-0060-4B8E-ADB1-3E19FD44F689}.Ad-Hoc|iPhoneSimulator.Build.0 = Release|Any CPU
		{A0E7C33D-0060-4B8E-ADB1-3E19FD44F689}.Ad-Hoc|x64.ActiveCfg = Release|Any CPU
		{A0E7C33D-0060-4B8E-ADB1-3E19FD44F689}.Ad-Hoc|x64.Build.0 = Release|Any CPU
		{A0E7C33D-0060-4B8E-ADB1-3E19FD44F689}.Ad-Hoc|x86.ActiveCfg = Release|Any CPU
		{A0E7C33D-0060-4B8E-ADB1-3E19FD44F689}.Ad-Hoc|x86.Build.0 = Release|Any CPU
		{A0E7C33D-0060-4B8E-ADB1-3E19FD44F689}.AppStore|Any CPU.ActiveCfg = Release|Any CPU
		{A0E7C33D-0060-4B8E-ADB1-3E19FD44F689}.AppStore|Any CPU.Build.0 = Release|Any CPU
		{A0E7C33D-0060-4B8E-ADB1-3E19FD44F689}.AppStore|ARM.ActiveCfg = Release|Any CPU
		{A0E7C33D-0060-4B8E-ADB1-3E19FD44F689}.AppStore|ARM.Build.0 = Release|Any CPU
		{A0E7C33D-0060-4B8E-ADB1-3E19FD44F689}.AppStore|iPhone.ActiveCfg = Release|Any CPU
		{A0E7C33D-0060-4B8E-ADB1-3E19FD44F689}.AppStore|iPhone.Build.0 = Release|Any CPU
		{A0E7C33D-0060-4B8E-ADB1-3E19FD44F689}.AppStore|iPhoneSimulator.ActiveCfg = Release|Any CPU
		{A0E7C33D-0060-4B8E-ADB1-3E19FD44F689}.AppStore|iPhoneSimulator.Build.0 = Release|Any CPU
		{A0E7C33D-0060-4B8E-ADB1-3E19FD44F689}.AppStore|x64.ActiveCfg = Release|Any CPU
		{A0E7C33D-0060-4B8E-ADB1-3E19FD44F689}.AppStore|x64.Build.0 = Release|Any CPU
		{A0E7C33D-0060-4B8E-ADB1-3E19FD44F689}.AppStore|x86.ActiveCfg = Release|Any CPU
		{A0E7C33D-0060-4B8E-ADB1-3E19FD44F689}.AppStore|x86.Build.0 = Release|Any CPU
		{A0E7C33D-0060-4B8E-ADB1-3E19FD44F689}.Debug|Any CPU.ActiveCfg = Debug|Any CPU
		{A0E7C33D-0060-4B8E-ADB1-3E19FD44F689}.Debug|Any CPU.Build.0 = Debug|Any CPU
		{A0E7C33D-0060-4B8E-ADB1-3E19FD44F689}.Debug|ARM.ActiveCfg = Debug|Any CPU
		{A0E7C33D-0060-4B8E-ADB1-3E19FD44F689}.Debug|ARM.Build.0 = Debug|Any CPU
		{A0E7C33D-0060-4B8E-ADB1-3E19FD44F689}.Debug|iPhone.ActiveCfg = Debug|Any CPU
		{A0E7C33D-0060-4B8E-ADB1-3E19FD44F689}.Debug|iPhone.Build.0 = Debug|Any CPU
		{A0E7C33D-0060-4B8E-ADB1-3E19FD44F689}.Debug|iPhoneSimulator.ActiveCfg = Debug|Any CPU
		{A0E7C33D-0060-4B8E-ADB1-3E19FD44F689}.Debug|iPhoneSimulator.Build.0 = Debug|Any CPU
		{A0E7C33D-0060-4B8E-ADB1-3E19FD44F689}.Debug|x64.ActiveCfg = Debug|Any CPU
		{A0E7C33D-0060-4B8E-ADB1-3E19FD44F689}.Debug|x64.Build.0 = Debug|Any CPU
		{A0E7C33D-0060-4B8E-ADB1-3E19FD44F689}.Debug|x86.ActiveCfg = Debug|Any CPU
		{A0E7C33D-0060-4B8E-ADB1-3E19FD44F689}.Debug|x86.Build.0 = Debug|Any CPU
		{A0E7C33D-0060-4B8E-ADB1-3E19FD44F689}.Release|Any CPU.ActiveCfg = Release|Any CPU
		{A0E7C33D-0060-4B8E-ADB1-3E19FD44F689}.Release|Any CPU.Build.0 = Release|Any CPU
		{A0E7C33D-0060-4B8E-ADB1-3E19FD44F689}.Release|ARM.ActiveCfg = Release|Any CPU
		{A0E7C33D-0060-4B8E-ADB1-3E19FD44F689}.Release|ARM.Build.0 = Release|Any CPU
		{A0E7C33D-0060-4B8E-ADB1-3E19FD44F689}.Release|iPhone.ActiveCfg = Release|Any CPU
		{A0E7C33D-0060-4B8E-ADB1-3E19FD44F689}.Release|iPhone.Build.0 = Release|Any CPU
		{A0E7C33D-0060-4B8E-ADB1-3E19FD44F689}.Release|iPhoneSimulator.ActiveCfg = Release|Any CPU
		{A0E7C33D-0060-4B8E-ADB1-3E19FD44F689}.Release|iPhoneSimulator.Build.0 = Release|Any CPU
		{A0E7C33D-0060-4B8E-ADB1-3E19FD44F689}.Release|x64.ActiveCfg = Release|Any CPU
		{A0E7C33D-0060-4B8E-ADB1-3E19FD44F689}.Release|x64.Build.0 = Release|Any CPU
		{A0E7C33D-0060-4B8E-ADB1-3E19FD44F689}.Release|x86.ActiveCfg = Release|Any CPU
		{A0E7C33D-0060-4B8E-ADB1-3E19FD44F689}.Release|x86.Build.0 = Release|Any CPU
	EndGlobalSection
	GlobalSection(SolutionProperties) = preSolution
		HideSolutionNode = FALSE
	EndGlobalSection
	GlobalSection(NestedProjects) = preSolution
		{35244F9E-DFFA-458A-BE4A-B4177E2C254B} = {3E3F5042-BB03-4A54-91AC-14B2F439C209}
		{4B7DE14D-14F1-44D5-99AF-8D342D5EB94F} = {3E3F5042-BB03-4A54-91AC-14B2F439C209}
		{82103758-5438-4AD3-AB83-FCC6F53FD6C9} = {3E3F5042-BB03-4A54-91AC-14B2F439C209}
	EndGlobalSection
	GlobalSection(ExtensibilityGlobals) = postSolution
		SolutionGuid = {401995BB-580A-4173-85C9-D1499459B599}
	EndGlobalSection
EndGlobal
